// !$*UTF8*$!
{
	archiveVersion = 1;
	classes = {
	};
	objectVersion = 56;
	objects = {

/* Begin PBXBuildFile section */
		4809A1122BB4873D007FDEC0 /* WebService.swift in Sources */ = {isa = PBXBuildFile; fileRef = 4809A1112BB4873D007FDEC0 /* WebService.swift */; };
		4809A1142BB48AC5007FDEC0 /* ProductViewModel.swift in Sources */ = {isa = PBXBuildFile; fileRef = 4809A1132BB48AC5007FDEC0 /* ProductViewModel.swift */; };
		4809A1162BB499E8007FDEC0 /* ProductImageModel.swift in Sources */ = {isa = PBXBuildFile; fileRef = 4809A1152BB499E8007FDEC0 /* ProductImageModel.swift */; };
		484364742BAC9AD300086BFB /* ProductModel.swift in Sources */ = {isa = PBXBuildFile; fileRef = 484364732BAC9AD300086BFB /* ProductModel.swift */; };
		484364772BACA0BB00086BFB /* CategoryView.swift in Sources */ = {isa = PBXBuildFile; fileRef = 484364762BACA0BB00086BFB /* CategoryView.swift */; };
		484364792BACA50900086BFB /* ProductView.swift in Sources */ = {isa = PBXBuildFile; fileRef = 484364782BACA50800086BFB /* ProductView.swift */; };
		484BA67C2BAB37D700B0B358 /* IosCWApp.swift in Sources */ = {isa = PBXBuildFile; fileRef = 484BA67B2BAB37D700B0B358 /* IosCWApp.swift */; };
		484BA67E2BAB37D700B0B358 /* ContentView.swift in Sources */ = {isa = PBXBuildFile; fileRef = 484BA67D2BAB37D700B0B358 /* ContentView.swift */; };
		484BA6802BAB37D800B0B358 /* Assets.xcassets in Resources */ = {isa = PBXBuildFile; fileRef = 484BA67F2BAB37D800B0B358 /* Assets.xcassets */; };
		484BA6832BAB37D800B0B358 /* Preview Assets.xcassets in Resources */ = {isa = PBXBuildFile; fileRef = 484BA6822BAB37D800B0B358 /* Preview Assets.xcassets */; };
		484BA68D2BAB37D800B0B358 /* IosCWTests.swift in Sources */ = {isa = PBXBuildFile; fileRef = 484BA68C2BAB37D800B0B358 /* IosCWTests.swift */; };
		484BA6972BAB37D800B0B358 /* IosCWUITests.swift in Sources */ = {isa = PBXBuildFile; fileRef = 484BA6962BAB37D800B0B358 /* IosCWUITests.swift */; };
		484BA6992BAB37D800B0B358 /* IosCWUITestsLaunchTests.swift in Sources */ = {isa = PBXBuildFile; fileRef = 484BA6982BAB37D800B0B358 /* IosCWUITestsLaunchTests.swift */; };
		484BA6AB2BAB487D00B0B358 /* typealiases.swift in Sources */ = {isa = PBXBuildFile; fileRef = 484BA6AA2BAB487D00B0B358 /* typealiases.swift */; };
		484BA6AD2BAB489F00B0B358 /* Constants.swift in Sources */ = {isa = PBXBuildFile; fileRef = 484BA6AC2BAB489F00B0B358 /* Constants.swift */; };
		484BA6AF2BAB48B700B0B358 /* Enums.swift in Sources */ = {isa = PBXBuildFile; fileRef = 484BA6AE2BAB48B700B0B358 /* Enums.swift */; };
		484BA6B42BAB493000B0B358 /* HomeView.swift in Sources */ = {isa = PBXBuildFile; fileRef = 484BA6B32BAB493000B0B358 /* HomeView.swift */; };
		484BA6B82BAB4A4000B0B358 /* HeaderView.swift in Sources */ = {isa = PBXBuildFile; fileRef = 484BA6B72BAB4A4000B0B358 /* HeaderView.swift */; };
		4899C3C12BB5D7A100C8F9E1 /* LoginModelView.swift in Sources */ = {isa = PBXBuildFile; fileRef = 4899C3C02BB5D7A100C8F9E1 /* LoginModelView.swift */; };
		4899C3C52BB5F69700C8F9E1 /* SpalshScreen.swift in Sources */ = {isa = PBXBuildFile; fileRef = 4899C3C42BB5F69700C8F9E1 /* SpalshScreen.swift */; };
		48B9B0662BB8486B00AEDC62 /* PlaceOrderView.swift in Sources */ = {isa = PBXBuildFile; fileRef = 48B9B0652BB8486B00AEDC62 /* PlaceOrderView.swift */; };
		48D257FC2BAECB6F00326EE4 /* FooterView.swift in Sources */ = {isa = PBXBuildFile; fileRef = 48D257FB2BAECB6F00326EE4 /* FooterView.swift */; };
		48D257FE2BAECEAD00326EE4 /* SideMenuView.swift in Sources */ = {isa = PBXBuildFile; fileRef = 48D257FD2BAECEAD00326EE4 /* SideMenuView.swift */; };
		48D258002BAECEC800326EE4 /* SideView.swift in Sources */ = {isa = PBXBuildFile; fileRef = 48D257FF2BAECEC800326EE4 /* SideView.swift */; };
		48D258022BAFFA8700326EE4 /* SideCartView.swift in Sources */ = {isa = PBXBuildFile; fileRef = 48D258012BAFFA8700326EE4 /* SideCartView.swift */; };
		48D258062BAFFFF700326EE4 /* CartItem.swift in Sources */ = {isa = PBXBuildFile; fileRef = 48D258052BAFFFF700326EE4 /* CartItem.swift */; };
		48D258082BB001AC00326EE4 /* CartItemView.swift in Sources */ = {isa = PBXBuildFile; fileRef = 48D258072BB001AC00326EE4 /* CartItemView.swift */; };
		48D2580C2BB034D300326EE4 /* ProductsList.swift in Sources */ = {isa = PBXBuildFile; fileRef = 48D2580B2BB034D300326EE4 /* ProductsList.swift */; };
		48D2580E2BB03F8E00326EE4 /* ProductDetailPage.swift in Sources */ = {isa = PBXBuildFile; fileRef = 48D2580D2BB03F8E00326EE4 /* ProductDetailPage.swift */; };
		48D258102BB071BB00326EE4 /* LoginView.swift in Sources */ = {isa = PBXBuildFile; fileRef = 48D2580F2BB071BB00326EE4 /* LoginView.swift */; };
		48D258122BB08D0C00326EE4 /* SignupView.swift in Sources */ = {isa = PBXBuildFile; fileRef = 48D258112BB08D0C00326EE4 /* SignupView.swift */; };
/* End PBXBuildFile section */

/* Begin PBXContainerItemProxy section */
		484BA6892BAB37D800B0B358 /* PBXContainerItemProxy */ = {
			isa = PBXContainerItemProxy;
			containerPortal = 484BA6702BAB37D700B0B358 /* Project object */;
			proxyType = 1;
			remoteGlobalIDString = 484BA6772BAB37D700B0B358;
			remoteInfo = IosCW;
		};
		484BA6932BAB37D800B0B358 /* PBXContainerItemProxy */ = {
			isa = PBXContainerItemProxy;
			containerPortal = 484BA6702BAB37D700B0B358 /* Project object */;
			proxyType = 1;
			remoteGlobalIDString = 484BA6772BAB37D700B0B358;
			remoteInfo = IosCW;
		};
/* End PBXContainerItemProxy section */

/* Begin PBXFileReference section */
		4809A1112BB4873D007FDEC0 /* WebService.swift */ = {isa = PBXFileReference; lastKnownFileType = sourcecode.swift; path = WebService.swift; sourceTree = "<group>"; };
		4809A1132BB48AC5007FDEC0 /* ProductViewModel.swift */ = {isa = PBXFileReference; lastKnownFileType = sourcecode.swift; path = ProductViewModel.swift; sourceTree = "<group>"; };
		4809A1152BB499E8007FDEC0 /* ProductImageModel.swift */ = {isa = PBXFileReference; lastKnownFileType = sourcecode.swift; path = ProductImageModel.swift; sourceTree = "<group>"; };
		484364732BAC9AD300086BFB /* ProductModel.swift */ = {isa = PBXFileReference; lastKnownFileType = sourcecode.swift; path = ProductModel.swift; sourceTree = "<group>"; };
		484364762BACA0BB00086BFB /* CategoryView.swift */ = {isa = PBXFileReference; lastKnownFileType = sourcecode.swift; path = CategoryView.swift; sourceTree = "<group>"; };
		484364782BACA50800086BFB /* ProductView.swift */ = {isa = PBXFileReference; lastKnownFileType = sourcecode.swift; path = ProductView.swift; sourceTree = "<group>"; };
		484BA6782BAB37D700B0B358 /* IosCW.app */ = {isa = PBXFileReference; explicitFileType = wrapper.application; includeInIndex = 0; path = IosCW.app; sourceTree = BUILT_PRODUCTS_DIR; };
		484BA67B2BAB37D700B0B358 /* IosCWApp.swift */ = {isa = PBXFileReference; lastKnownFileType = sourcecode.swift; path = IosCWApp.swift; sourceTree = "<group>"; };
		484BA67D2BAB37D700B0B358 /* ContentView.swift */ = {isa = PBXFileReference; lastKnownFileType = sourcecode.swift; path = ContentView.swift; sourceTree = "<group>"; };
		484BA67F2BAB37D800B0B358 /* Assets.xcassets */ = {isa = PBXFileReference; lastKnownFileType = folder.assetcatalog; path = Assets.xcassets; sourceTree = "<group>"; };
		484BA6822BAB37D800B0B358 /* Preview Assets.xcassets */ = {isa = PBXFileReference; lastKnownFileType = folder.assetcatalog; path = "Preview Assets.xcassets"; sourceTree = "<group>"; };
		484BA6882BAB37D800B0B358 /* IosCWTests.xctest */ = {isa = PBXFileReference; explicitFileType = wrapper.cfbundle; includeInIndex = 0; path = IosCWTests.xctest; sourceTree = BUILT_PRODUCTS_DIR; };
		484BA68C2BAB37D800B0B358 /* IosCWTests.swift */ = {isa = PBXFileReference; lastKnownFileType = sourcecode.swift; path = IosCWTests.swift; sourceTree = "<group>"; };
		484BA6922BAB37D800B0B358 /* IosCWUITests.xctest */ = {isa = PBXFileReference; explicitFileType = wrapper.cfbundle; includeInIndex = 0; path = IosCWUITests.xctest; sourceTree = BUILT_PRODUCTS_DIR; };
		484BA6962BAB37D800B0B358 /* IosCWUITests.swift */ = {isa = PBXFileReference; lastKnownFileType = sourcecode.swift; path = IosCWUITests.swift; sourceTree = "<group>"; };
		484BA6982BAB37D800B0B358 /* IosCWUITestsLaunchTests.swift */ = {isa = PBXFileReference; lastKnownFileType = sourcecode.swift; path = IosCWUITestsLaunchTests.swift; sourceTree = "<group>"; };
		484BA6AA2BAB487D00B0B358 /* typealiases.swift */ = {isa = PBXFileReference; lastKnownFileType = sourcecode.swift; path = typealiases.swift; sourceTree = "<group>"; };
		484BA6AC2BAB489F00B0B358 /* Constants.swift */ = {isa = PBXFileReference; lastKnownFileType = sourcecode.swift; path = Constants.swift; sourceTree = "<group>"; };
		484BA6AE2BAB48B700B0B358 /* Enums.swift */ = {isa = PBXFileReference; lastKnownFileType = sourcecode.swift; path = Enums.swift; sourceTree = "<group>"; };
		484BA6B32BAB493000B0B358 /* HomeView.swift */ = {isa = PBXFileReference; lastKnownFileType = sourcecode.swift; path = HomeView.swift; sourceTree = "<group>"; };
		484BA6B72BAB4A4000B0B358 /* HeaderView.swift */ = {isa = PBXFileReference; lastKnownFileType = sourcecode.swift; path = HeaderView.swift; sourceTree = "<group>"; };
		4899C3C02BB5D7A100C8F9E1 /* LoginModelView.swift */ = {isa = PBXFileReference; lastKnownFileType = sourcecode.swift; path = LoginModelView.swift; sourceTree = "<group>"; };
		4899C3C42BB5F69700C8F9E1 /* SpalshScreen.swift */ = {isa = PBXFileReference; lastKnownFileType = sourcecode.swift; path = SpalshScreen.swift; sourceTree = "<group>"; };
		48B9B0652BB8486B00AEDC62 /* PlaceOrderView.swift */ = {isa = PBXFileReference; lastKnownFileType = sourcecode.swift; path = PlaceOrderView.swift; sourceTree = "<group>"; };
		48D257FB2BAECB6F00326EE4 /* FooterView.swift */ = {isa = PBXFileReference; lastKnownFileType = sourcecode.swift; path = FooterView.swift; sourceTree = "<group>"; };
		48D257FD2BAECEAD00326EE4 /* SideMenuView.swift */ = {isa = PBXFileReference; lastKnownFileType = sourcecode.swift; path = SideMenuView.swift; sourceTree = "<group>"; };
		48D257FF2BAECEC800326EE4 /* SideView.swift */ = {isa = PBXFileReference; lastKnownFileType = sourcecode.swift; path = SideView.swift; sourceTree = "<group>"; };
		48D258012BAFFA8700326EE4 /* SideCartView.swift */ = {isa = PBXFileReference; lastKnownFileType = sourcecode.swift; path = SideCartView.swift; sourceTree = "<group>"; };
		48D258052BAFFFF700326EE4 /* CartItem.swift */ = {isa = PBXFileReference; lastKnownFileType = sourcecode.swift; path = CartItem.swift; sourceTree = "<group>"; };
		48D258072BB001AC00326EE4 /* CartItemView.swift */ = {isa = PBXFileReference; lastKnownFileType = sourcecode.swift; path = CartItemView.swift; sourceTree = "<group>"; };
		48D2580B2BB034D300326EE4 /* ProductsList.swift */ = {isa = PBXFileReference; lastKnownFileType = sourcecode.swift; path = ProductsList.swift; sourceTree = "<group>"; };
		48D2580D2BB03F8E00326EE4 /* ProductDetailPage.swift */ = {isa = PBXFileReference; lastKnownFileType = sourcecode.swift; path = ProductDetailPage.swift; sourceTree = "<group>"; };
		48D2580F2BB071BB00326EE4 /* LoginView.swift */ = {isa = PBXFileReference; lastKnownFileType = sourcecode.swift; path = LoginView.swift; sourceTree = "<group>"; };
		48D258112BB08D0C00326EE4 /* SignupView.swift */ = {isa = PBXFileReference; lastKnownFileType = sourcecode.swift; path = SignupView.swift; sourceTree = "<group>"; };
/* End PBXFileReference section */

/* Begin PBXFrameworksBuildPhase section */
		484BA6752BAB37D700B0B358 /* Frameworks */ = {
			isa = PBXFrameworksBuildPhase;
			buildActionMask = 2147483647;
			files = (
			);
			runOnlyForDeploymentPostprocessing = 0;
		};
		484BA6852BAB37D800B0B358 /* Frameworks */ = {
			isa = PBXFrameworksBuildPhase;
			buildActionMask = 2147483647;
			files = (
			);
			runOnlyForDeploymentPostprocessing = 0;
		};
		484BA68F2BAB37D800B0B358 /* Frameworks */ = {
			isa = PBXFrameworksBuildPhase;
			buildActionMask = 2147483647;
			files = (
			);
			runOnlyForDeploymentPostprocessing = 0;
		};
/* End PBXFrameworksBuildPhase section */

/* Begin PBXGroup section */
		484364722BAC9AAD00086BFB /* Models */ = {
			isa = PBXGroup;
			children = (
				484364732BAC9AD300086BFB /* ProductModel.swift */,
				48D258052BAFFFF700326EE4 /* CartItem.swift */,
				4809A1152BB499E8007FDEC0 /* ProductImageModel.swift */,
			);
			path = Models;
			sourceTree = "<group>";
		};
		484BA66F2BAB37D700B0B358 = {
			isa = PBXGroup;
			children = (
				484BA67A2BAB37D700B0B358 /* IosCW */,
				484BA68B2BAB37D800B0B358 /* IosCWTests */,
				484BA6952BAB37D800B0B358 /* IosCWUITests */,
				484BA6792BAB37D700B0B358 /* Products */,
			);
			sourceTree = "<group>";
		};
		484BA6792BAB37D700B0B358 /* Products */ = {
			isa = PBXGroup;
			children = (
				484BA6782BAB37D700B0B358 /* IosCW.app */,
				484BA6882BAB37D800B0B358 /* IosCWTests.xctest */,
				484BA6922BAB37D800B0B358 /* IosCWUITests.xctest */,
			);
			name = Products;
			sourceTree = "<group>";
		};
		484BA67A2BAB37D700B0B358 /* IosCW */ = {
			isa = PBXGroup;
			children = (
				484364722BAC9AAD00086BFB /* Models */,
				484BA6A92BAB482100B0B358 /* Application */,
				484BA6A72BAB480800B0B358 /* Support */,
				484BA6A62BAB47E600B0B358 /* ViewsModels */,
				484BA6A52BAB47C300B0B358 /* Views */,
				484BA67D2BAB37D700B0B358 /* ContentView.swift */,
				484BA67F2BAB37D800B0B358 /* Assets.xcassets */,
				484BA6812BAB37D800B0B358 /* Preview Content */,
			);
			path = IosCW;
			sourceTree = "<group>";
		};
		484BA6812BAB37D800B0B358 /* Preview Content */ = {
			isa = PBXGroup;
			children = (
				484BA6822BAB37D800B0B358 /* Preview Assets.xcassets */,
			);
			path = "Preview Content";
			sourceTree = "<group>";
		};
		484BA68B2BAB37D800B0B358 /* IosCWTests */ = {
			isa = PBXGroup;
			children = (
				484BA68C2BAB37D800B0B358 /* IosCWTests.swift */,
			);
			path = IosCWTests;
			sourceTree = "<group>";
		};
		484BA6952BAB37D800B0B358 /* IosCWUITests */ = {
			isa = PBXGroup;
			children = (
				484BA6962BAB37D800B0B358 /* IosCWUITests.swift */,
				484BA6982BAB37D800B0B358 /* IosCWUITestsLaunchTests.swift */,
			);
			path = IosCWUITests;
			sourceTree = "<group>";
		};
		484BA6A52BAB47C300B0B358 /* Views */ = {
			isa = PBXGroup;
			children = (
				484BA6B52BAB4A1300B0B358 /* Components */,
				484BA6B22BAB48FC00B0B358 /* MainViews */,
			);
			path = Views;
			sourceTree = "<group>";
		};
		484BA6A62BAB47E600B0B358 /* ViewsModels */ = {
			isa = PBXGroup;
			children = (
				4809A1132BB48AC5007FDEC0 /* ProductViewModel.swift */,
				4899C3C02BB5D7A100C8F9E1 /* LoginModelView.swift */,
			);
			path = ViewsModels;
			sourceTree = "<group>";
		};
		484BA6A72BAB480800B0B358 /* Support */ = {
			isa = PBXGroup;
			children = (
				484BA6AA2BAB487D00B0B358 /* typealiases.swift */,
				484BA6AC2BAB489F00B0B358 /* Constants.swift */,
				484BA6AE2BAB48B700B0B358 /* Enums.swift */,
				4809A1112BB4873D007FDEC0 /* WebService.swift */,
			);
			path = Support;
			sourceTree = "<group>";
		};
		484BA6A92BAB482100B0B358 /* Application */ = {
			isa = PBXGroup;
			children = (
				484BA67B2BAB37D700B0B358 /* IosCWApp.swift */,
			);
			path = Application;
			sourceTree = "<group>";
		};
		484BA6B22BAB48FC00B0B358 /* MainViews */ = {
			isa = PBXGroup;
			children = (
				484BA6B32BAB493000B0B358 /* HomeView.swift */,
				48D2580B2BB034D300326EE4 /* ProductsList.swift */,
				48D2580D2BB03F8E00326EE4 /* ProductDetailPage.swift */,
				48D2580F2BB071BB00326EE4 /* LoginView.swift */,
				48D258112BB08D0C00326EE4 /* SignupView.swift */,
				4899C3C42BB5F69700C8F9E1 /* SpalshScreen.swift */,
				48B9B0652BB8486B00AEDC62 /* PlaceOrderView.swift */,
			);
			path = MainViews;
			sourceTree = "<group>";
		};
		484BA6B52BAB4A1300B0B358 /* Components */ = {
			isa = PBXGroup;
			children = (
				484BA6B72BAB4A4000B0B358 /* HeaderView.swift */,
				484364762BACA0BB00086BFB /* CategoryView.swift */,
				484364782BACA50800086BFB /* ProductView.swift */,
				48D257FB2BAECB6F00326EE4 /* FooterView.swift */,
				48D257FD2BAECEAD00326EE4 /* SideMenuView.swift */,
				48D257FF2BAECEC800326EE4 /* SideView.swift */,
				48D258012BAFFA8700326EE4 /* SideCartView.swift */,
				48D258072BB001AC00326EE4 /* CartItemView.swift */,
			);
			path = Components;
			sourceTree = "<group>";
		};
/* End PBXGroup section */

/* Begin PBXNativeTarget section */
		484BA6772BAB37D700B0B358 /* IosCW */ = {
			isa = PBXNativeTarget;
			buildConfigurationList = 484BA69C2BAB37D800B0B358 /* Build configuration list for PBXNativeTarget "IosCW" */;
			buildPhases = (
				484BA6742BAB37D700B0B358 /* Sources */,
				484BA6752BAB37D700B0B358 /* Frameworks */,
				484BA6762BAB37D700B0B358 /* Resources */,
			);
			buildRules = (
			);
			dependencies = (
			);
			name = IosCW;
			productName = IosCW;
			productReference = 484BA6782BAB37D700B0B358 /* IosCW.app */;
			productType = "com.apple.product-type.application";
		};
		484BA6872BAB37D800B0B358 /* IosCWTests */ = {
			isa = PBXNativeTarget;
			buildConfigurationList = 484BA69F2BAB37D800B0B358 /* Build configuration list for PBXNativeTarget "IosCWTests" */;
			buildPhases = (
				484BA6842BAB37D800B0B358 /* Sources */,
				484BA6852BAB37D800B0B358 /* Frameworks */,
				484BA6862BAB37D800B0B358 /* Resources */,
			);
			buildRules = (
			);
			dependencies = (
				484BA68A2BAB37D800B0B358 /* PBXTargetDependency */,
			);
			name = IosCWTests;
			productName = IosCWTests;
			productReference = 484BA6882BAB37D800B0B358 /* IosCWTests.xctest */;
			productType = "com.apple.product-type.bundle.unit-test";
		};
		484BA6912BAB37D800B0B358 /* IosCWUITests */ = {
			isa = PBXNativeTarget;
			buildConfigurationList = 484BA6A22BAB37D800B0B358 /* Build configuration list for PBXNativeTarget "IosCWUITests" */;
			buildPhases = (
				484BA68E2BAB37D800B0B358 /* Sources */,
				484BA68F2BAB37D800B0B358 /* Frameworks */,
				484BA6902BAB37D800B0B358 /* Resources */,
			);
			buildRules = (
			);
			dependencies = (
				484BA6942BAB37D800B0B358 /* PBXTargetDependency */,
			);
			name = IosCWUITests;
			productName = IosCWUITests;
			productReference = 484BA6922BAB37D800B0B358 /* IosCWUITests.xctest */;
			productType = "com.apple.product-type.bundle.ui-testing";
		};
/* End PBXNativeTarget section */

/* Begin PBXProject section */
		484BA6702BAB37D700B0B358 /* Project object */ = {
			isa = PBXProject;
			attributes = {
				BuildIndependentTargetsInParallel = 1;
				LastSwiftUpdateCheck = 1500;
				LastUpgradeCheck = 1500;
				TargetAttributes = {
					484BA6772BAB37D700B0B358 = {
						CreatedOnToolsVersion = 15.0.1;
					};
					484BA6872BAB37D800B0B358 = {
						CreatedOnToolsVersion = 15.0.1;
						TestTargetID = 484BA6772BAB37D700B0B358;
					};
					484BA6912BAB37D800B0B358 = {
						CreatedOnToolsVersion = 15.0.1;
						TestTargetID = 484BA6772BAB37D700B0B358;
					};
				};
			};
			buildConfigurationList = 484BA6732BAB37D700B0B358 /* Build configuration list for PBXProject "IosCW" */;
			compatibilityVersion = "Xcode 14.0";
			developmentRegion = en;
			hasScannedForEncodings = 0;
			knownRegions = (
				en,
				Base,
			);
			mainGroup = 484BA66F2BAB37D700B0B358;
			productRefGroup = 484BA6792BAB37D700B0B358 /* Products */;
			projectDirPath = "";
			projectRoot = "";
			targets = (
				484BA6772BAB37D700B0B358 /* IosCW */,
				484BA6872BAB37D800B0B358 /* IosCWTests */,
				484BA6912BAB37D800B0B358 /* IosCWUITests */,
			);
		};
/* End PBXProject section */

/* Begin PBXResourcesBuildPhase section */
		484BA6762BAB37D700B0B358 /* Resources */ = {
			isa = PBXResourcesBuildPhase;
			buildActionMask = 2147483647;
			files = (
				484BA6832BAB37D800B0B358 /* Preview Assets.xcassets in Resources */,
				484BA6802BAB37D800B0B358 /* Assets.xcassets in Resources */,
			);
			runOnlyForDeploymentPostprocessing = 0;
		};
		484BA6862BAB37D800B0B358 /* Resources */ = {
			isa = PBXResourcesBuildPhase;
			buildActionMask = 2147483647;
			files = (
			);
			runOnlyForDeploymentPostprocessing = 0;
		};
		484BA6902BAB37D800B0B358 /* Resources */ = {
			isa = PBXResourcesBuildPhase;
			buildActionMask = 2147483647;
			files = (
			);
			runOnlyForDeploymentPostprocessing = 0;
		};
/* End PBXResourcesBuildPhase section */

/* Begin PBXSourcesBuildPhase section */
		484BA6742BAB37D700B0B358 /* Sources */ = {
			isa = PBXSourcesBuildPhase;
			buildActionMask = 2147483647;
			files = (
				4899C3C52BB5F69700C8F9E1 /* SpalshScreen.swift in Sources */,
				48D2580C2BB034D300326EE4 /* ProductsList.swift in Sources */,
				48D2580E2BB03F8E00326EE4 /* ProductDetailPage.swift in Sources */,
				484364792BACA50900086BFB /* ProductView.swift in Sources */,
				48D258082BB001AC00326EE4 /* CartItemView.swift in Sources */,
				4899C3C12BB5D7A100C8F9E1 /* LoginModelView.swift in Sources */,
				48D258122BB08D0C00326EE4 /* SignupView.swift in Sources */,
				48D258022BAFFA8700326EE4 /* SideCartView.swift in Sources */,
				4809A1142BB48AC5007FDEC0 /* ProductViewModel.swift in Sources */,
				484BA6AB2BAB487D00B0B358 /* typealiases.swift in Sources */,
				484BA67E2BAB37D700B0B358 /* ContentView.swift in Sources */,
				48D257FE2BAECEAD00326EE4 /* SideMenuView.swift in Sources */,
				4809A1122BB4873D007FDEC0 /* WebService.swift in Sources */,
				484BA6AF2BAB48B700B0B358 /* Enums.swift in Sources */,
				484BA6B42BAB493000B0B358 /* HomeView.swift in Sources */,
				4809A1162BB499E8007FDEC0 /* ProductImageModel.swift in Sources */,
				484BA67C2BAB37D700B0B358 /* IosCWApp.swift in Sources */,
				484BA6AD2BAB489F00B0B358 /* Constants.swift in Sources */,
				48D258002BAECEC800326EE4 /* SideView.swift in Sources */,
				484BA6B82BAB4A4000B0B358 /* HeaderView.swift in Sources */,
				48D257FC2BAECB6F00326EE4 /* FooterView.swift in Sources */,
				484364742BAC9AD300086BFB /* ProductModel.swift in Sources */,
				48D258102BB071BB00326EE4 /* LoginView.swift in Sources */,
				48B9B0662BB8486B00AEDC62 /* PlaceOrderView.swift in Sources */,
				48D258062BAFFFF700326EE4 /* CartItem.swift in Sources */,
				484364772BACA0BB00086BFB /* CategoryView.swift in Sources */,
			);
			runOnlyForDeploymentPostprocessing = 0;
		};
		484BA6842BAB37D800B0B358 /* Sources */ = {
			isa = PBXSourcesBuildPhase;
			buildActionMask = 2147483647;
			files = (
				484BA68D2BAB37D800B0B358 /* IosCWTests.swift in Sources */,
			);
			runOnlyForDeploymentPostprocessing = 0;
		};
		484BA68E2BAB37D800B0B358 /* Sources */ = {
			isa = PBXSourcesBuildPhase;
			buildActionMask = 2147483647;
			files = (
				484BA6992BAB37D800B0B358 /* IosCWUITestsLaunchTests.swift in Sources */,
				484BA6972BAB37D800B0B358 /* IosCWUITests.swift in Sources */,
			);
			runOnlyForDeploymentPostprocessing = 0;
		};
/* End PBXSourcesBuildPhase section */

/* Begin PBXTargetDependency section */
		484BA68A2BAB37D800B0B358 /* PBXTargetDependency */ = {
			isa = PBXTargetDependency;
			target = 484BA6772BAB37D700B0B358 /* IosCW */;
			targetProxy = 484BA6892BAB37D800B0B358 /* PBXContainerItemProxy */;
		};
		484BA6942BAB37D800B0B358 /* PBXTargetDependency */ = {
			isa = PBXTargetDependency;
			target = 484BA6772BAB37D700B0B358 /* IosCW */;
			targetProxy = 484BA6932BAB37D800B0B358 /* PBXContainerItemProxy */;
		};
/* End PBXTargetDependency section */

/* Begin XCBuildConfiguration section */
		484BA69A2BAB37D800B0B358 /* Debug */ = {
			isa = XCBuildConfiguration;
			buildSettings = {
				ALWAYS_SEARCH_USER_PATHS = NO;
				ASSETCATALOG_COMPILER_GENERATE_SWIFT_ASSET_SYMBOL_EXTENSIONS = YES;
				CLANG_ANALYZER_NONNULL = YES;
				CLANG_ANALYZER_NUMBER_OBJECT_CONVERSION = YES_AGGRESSIVE;
				CLANG_CXX_LANGUAGE_STANDARD = "gnu++20";
				CLANG_ENABLE_MODULES = YES;
				CLANG_ENABLE_OBJC_ARC = YES;
				CLANG_ENABLE_OBJC_WEAK = YES;
				CLANG_WARN_BLOCK_CAPTURE_AUTORELEASING = YES;
				CLANG_WARN_BOOL_CONVERSION = YES;
				CLANG_WARN_COMMA = YES;
				CLANG_WARN_CONSTANT_CONVERSION = YES;
				CLANG_WARN_DEPRECATED_OBJC_IMPLEMENTATIONS = YES;
				CLANG_WARN_DIRECT_OBJC_ISA_USAGE = YES_ERROR;
				CLANG_WARN_DOCUMENTATION_COMMENTS = YES;
				CLANG_WARN_EMPTY_BODY = YES;
				CLANG_WARN_ENUM_CONVERSION = YES;
				CLANG_WARN_INFINITE_RECURSION = YES;
				CLANG_WARN_INT_CONVERSION = YES;
				CLANG_WARN_NON_LITERAL_NULL_CONVERSION = YES;
				CLANG_WARN_OBJC_IMPLICIT_RETAIN_SELF = YES;
				CLANG_WARN_OBJC_LITERAL_CONVERSION = YES;
				CLANG_WARN_OBJC_ROOT_CLASS = YES_ERROR;
				CLANG_WARN_QUOTED_INCLUDE_IN_FRAMEWORK_HEADER = YES;
				CLANG_WARN_RANGE_LOOP_ANALYSIS = YES;
				CLANG_WARN_STRICT_PROTOTYPES = YES;
				CLANG_WARN_SUSPICIOUS_MOVE = YES;
				CLANG_WARN_UNGUARDED_AVAILABILITY = YES_AGGRESSIVE;
				CLANG_WARN_UNREACHABLE_CODE = YES;
				CLANG_WARN__DUPLICATE_METHOD_MATCH = YES;
				COPY_PHASE_STRIP = NO;
				DEBUG_INFORMATION_FORMAT = dwarf;
				ENABLE_STRICT_OBJC_MSGSEND = YES;
				ENABLE_TESTABILITY = YES;
				ENABLE_USER_SCRIPT_SANDBOXING = YES;
				GCC_C_LANGUAGE_STANDARD = gnu17;
				GCC_DYNAMIC_NO_PIC = NO;
				GCC_NO_COMMON_BLOCKS = YES;
				GCC_OPTIMIZATION_LEVEL = 0;
				GCC_PREPROCESSOR_DEFINITIONS = (
					"DEBUG=1",
					"$(inherited)",
				);
				GCC_WARN_64_TO_32_BIT_CONVERSION = YES;
				GCC_WARN_ABOUT_RETURN_TYPE = YES_ERROR;
				GCC_WARN_UNDECLARED_SELECTOR = YES;
				GCC_WARN_UNINITIALIZED_AUTOS = YES_AGGRESSIVE;
				GCC_WARN_UNUSED_FUNCTION = YES;
				GCC_WARN_UNUSED_VARIABLE = YES;
				IPHONEOS_DEPLOYMENT_TARGET = 17.0;
				LOCALIZATION_PREFERS_STRING_CATALOGS = YES;
				MTL_ENABLE_DEBUG_INFO = INCLUDE_SOURCE;
				MTL_FAST_MATH = YES;
				ONLY_ACTIVE_ARCH = YES;
				SDKROOT = iphoneos;
				SWIFT_ACTIVE_COMPILATION_CONDITIONS = "DEBUG $(inherited)";
				SWIFT_OPTIMIZATION_LEVEL = "-Onone";
			};
			name = Debug;
		};
		484BA69B2BAB37D800B0B358 /* Release */ = {
			isa = XCBuildConfiguration;
			buildSettings = {
				ALWAYS_SEARCH_USER_PATHS = NO;
				ASSETCATALOG_COMPILER_GENERATE_SWIFT_ASSET_SYMBOL_EXTENSIONS = YES;
				CLANG_ANALYZER_NONNULL = YES;
				CLANG_ANALYZER_NUMBER_OBJECT_CONVERSION = YES_AGGRESSIVE;
				CLANG_CXX_LANGUAGE_STANDARD = "gnu++20";
				CLANG_ENABLE_MODULES = YES;
				CLANG_ENABLE_OBJC_ARC = YES;
				CLANG_ENABLE_OBJC_WEAK = YES;
				CLANG_WARN_BLOCK_CAPTURE_AUTORELEASING = YES;
				CLANG_WARN_BOOL_CONVERSION = YES;
				CLANG_WARN_COMMA = YES;
				CLANG_WARN_CONSTANT_CONVERSION = YES;
				CLANG_WARN_DEPRECATED_OBJC_IMPLEMENTATIONS = YES;
				CLANG_WARN_DIRECT_OBJC_ISA_USAGE = YES_ERROR;
				CLANG_WARN_DOCUMENTATION_COMMENTS = YES;
				CLANG_WARN_EMPTY_BODY = YES;
				CLANG_WARN_ENUM_CONVERSION = YES;
				CLANG_WARN_INFINITE_RECURSION = YES;
				CLANG_WARN_INT_CONVERSION = YES;
				CLANG_WARN_NON_LITERAL_NULL_CONVERSION = YES;
				CLANG_WARN_OBJC_IMPLICIT_RETAIN_SELF = YES;
				CLANG_WARN_OBJC_LITERAL_CONVERSION = YES;
				CLANG_WARN_OBJC_ROOT_CLASS = YES_ERROR;
				CLANG_WARN_QUOTED_INCLUDE_IN_FRAMEWORK_HEADER = YES;
				CLANG_WARN_RANGE_LOOP_ANALYSIS = YES;
				CLANG_WARN_STRICT_PROTOTYPES = YES;
				CLANG_WARN_SUSPICIOUS_MOVE = YES;
				CLANG_WARN_UNGUARDED_AVAILABILITY = YES_AGGRESSIVE;
				CLANG_WARN_UNREACHABLE_CODE = YES;
				CLANG_WARN__DUPLICATE_METHOD_MATCH = YES;
				COPY_PHASE_STRIP = NO;
				DEBUG_INFORMATION_FORMAT = "dwarf-with-dsym";
				ENABLE_NS_ASSERTIONS = NO;
				ENABLE_STRICT_OBJC_MSGSEND = YES;
				ENABLE_USER_SCRIPT_SANDBOXING = YES;
				GCC_C_LANGUAGE_STANDARD = gnu17;
				GCC_NO_COMMON_BLOCKS = YES;
				GCC_WARN_64_TO_32_BIT_CONVERSION = YES;
				GCC_WARN_ABOUT_RETURN_TYPE = YES_ERROR;
				GCC_WARN_UNDECLARED_SELECTOR = YES;
				GCC_WARN_UNINITIALIZED_AUTOS = YES_AGGRESSIVE;
				GCC_WARN_UNUSED_FUNCTION = YES;
				GCC_WARN_UNUSED_VARIABLE = YES;
				IPHONEOS_DEPLOYMENT_TARGET = 17.0;
				LOCALIZATION_PREFERS_STRING_CATALOGS = YES;
				MTL_ENABLE_DEBUG_INFO = NO;
				MTL_FAST_MATH = YES;
				SDKROOT = iphoneos;
				SWIFT_COMPILATION_MODE = wholemodule;
				VALIDATE_PRODUCT = YES;
			};
			name = Release;
		};
		484BA69D2BAB37D800B0B358 /* Debug */ = {
			isa = XCBuildConfiguration;
			buildSettings = {
				ASSETCATALOG_COMPILER_APPICON_NAME = AppIcon;
				ASSETCATALOG_COMPILER_GLOBAL_ACCENT_COLOR_NAME = AccentColor;
				CODE_SIGN_STYLE = Automatic;
				CURRENT_PROJECT_VERSION = 1;
				DEVELOPMENT_ASSET_PATHS = "\"IosCW/Preview Content\"";
				ENABLE_PREVIEWS = YES;
				GENERATE_INFOPLIST_FILE = YES;
				INFOPLIST_KEY_UIApplicationSceneManifest_Generation = YES;
				INFOPLIST_KEY_UIApplicationSupportsIndirectInputEvents = YES;
				INFOPLIST_KEY_UILaunchScreen_Generation = YES;
				INFOPLIST_KEY_UISupportedInterfaceOrientations_iPad = "UIInterfaceOrientationPortrait UIInterfaceOrientationPortraitUpsideDown UIInterfaceOrientationLandscapeLeft UIInterfaceOrientationLandscapeRight";
				INFOPLIST_KEY_UISupportedInterfaceOrientations_iPhone = "UIInterfaceOrientationPortrait UIInterfaceOrientationLandscapeLeft UIInterfaceOrientationLandscapeRight";
				LD_RUNPATH_SEARCH_PATHS = (
					"$(inherited)",
					"@executable_path/Frameworks",
				);
				MARKETING_VERSION = 1.0;
				PRODUCT_BUNDLE_IDENTIFIER = test.IosCW;
				PRODUCT_NAME = "$(TARGET_NAME)";
				SWIFT_EMIT_LOC_STRINGS = YES;
				SWIFT_VERSION = 5.0;
				TARGETED_DEVICE_FAMILY = "1,2";
			};
			name = Debug;
		};
		484BA69E2BAB37D800B0B358 /* Release */ = {
			isa = XCBuildConfiguration;
			buildSettings = {
				ASSETCATALOG_COMPILER_APPICON_NAME = AppIcon;
				ASSETCATALOG_COMPILER_GLOBAL_ACCENT_COLOR_NAME = AccentColor;
				CODE_SIGN_STYLE = Automatic;
				CURRENT_PROJECT_VERSION = 1;
				DEVELOPMENT_ASSET_PATHS = "\"IosCW/Preview Content\"";
				ENABLE_PREVIEWS = YES;
				GENERATE_INFOPLIST_FILE = YES;
				INFOPLIST_KEY_UIApplicationSceneManifest_Generation = YES;
				INFOPLIST_KEY_UIApplicationSupportsIndirectInputEvents = YES;
				INFOPLIST_KEY_UILaunchScreen_Generation = YES;
				INFOPLIST_KEY_UISupportedInterfaceOrientations_iPad = "UIInterfaceOrientationPortrait UIInterfaceOrientationPortraitUpsideDown UIInterfaceOrientationLandscapeLeft UIInterfaceOrientationLandscapeRight";
				INFOPLIST_KEY_UISupportedInterfaceOrientations_iPhone = "UIInterfaceOrientationPortrait UIInterfaceOrientationLandscapeLeft UIInterfaceOrientationLandscapeRight";
				LD_RUNPATH_SEARCH_PATHS = (
					"$(inherited)",
					"@executable_path/Frameworks",
				);
				MARKETING_VERSION = 1.0;
				PRODUCT_BUNDLE_IDENTIFIER = test.IosCW;
				PRODUCT_NAME = "$(TARGET_NAME)";
				SWIFT_EMIT_LOC_STRINGS = YES;
				SWIFT_VERSION = 5.0;
				TARGETED_DEVICE_FAMILY = "1,2";
			};
			name = Release;
		};
		484BA6A02BAB37D800B0B358 /* Debug */ = {
			isa = XCBuildConfiguration;
			buildSettings = {
				ALWAYS_EMBED_SWIFT_STANDARD_LIBRARIES = YES;
				BUNDLE_LOADER = "$(TEST_HOST)";
				CODE_SIGN_STYLE = Automatic;
				CURRENT_PROJECT_VERSION = 1;
				GENERATE_INFOPLIST_FILE = YES;
				IPHONEOS_DEPLOYMENT_TARGET = 17.0;
				MARKETING_VERSION = 1.0;
				PRODUCT_BUNDLE_IDENTIFIER = test.IosCWTests;
				PRODUCT_NAME = "$(TARGET_NAME)";
				SWIFT_EMIT_LOC_STRINGS = NO;
				SWIFT_VERSION = 5.0;
				TARGETED_DEVICE_FAMILY = "1,2";
				TEST_HOST = "$(BUILT_PRODUCTS_DIR)/IosCW.app/$(BUNDLE_EXECUTABLE_FOLDER_PATH)/IosCW";
			};
			name = Debug;
		};
		484BA6A12BAB37D800B0B358 /* Release */ = {
			isa = XCBuildConfiguration;
			buildSettings = {
				ALWAYS_EMBED_SWIFT_STANDARD_LIBRARIES = YES;
				BUNDLE_LOADER = "$(TEST_HOST)";
				CODE_SIGN_STYLE = Automatic;
				CURRENT_PROJECT_VERSION = 1;
				GENERATE_INFOPLIST_FILE = YES;
				IPHONEOS_DEPLOYMENT_TARGET = 17.0;
				MARKETING_VERSION = 1.0;
				PRODUCT_BUNDLE_IDENTIFIER = test.IosCWTests;
				PRODUCT_NAME = "$(TARGET_NAME)";
				SWIFT_EMIT_LOC_STRINGS = NO;
				SWIFT_VERSION = 5.0;
				TARGETED_DEVICE_FAMILY = "1,2";
				TEST_HOST = "$(BUILT_PRODUCTS_DIR)/IosCW.app/$(BUNDLE_EXECUTABLE_FOLDER_PATH)/IosCW";
			};
			name = Release;
		};
		484BA6A32BAB37D800B0B358 /* Debug */ = {
			isa = XCBuildConfiguration;
			buildSettings = {
				ALWAYS_EMBED_SWIFT_STANDARD_LIBRARIES = YES;
				CODE_SIGN_STYLE = Automatic;
				CURRENT_PROJECT_VERSION = 1;
				GENERATE_INFOPLIST_FILE = YES;
				MARKETING_VERSION = 1.0;
				PRODUCT_BUNDLE_IDENTIFIER = test.IosCWUITests;
				PRODUCT_NAME = "$(TARGET_NAME)";
				SWIFT_EMIT_LOC_STRINGS = NO;
				SWIFT_VERSION = 5.0;
				TARGETED_DEVICE_FAMILY = "1,2";
				TEST_TARGET_NAME = IosCW;
			};
			name = Debug;
		};
		484BA6A42BAB37D800B0B358 /* Release */ = {
			isa = XCBuildConfiguration;
			buildSettings = {
				ALWAYS_EMBED_SWIFT_STANDARD_LIBRARIES = YES;
				CODE_SIGN_STYLE = Automatic;
				CURRENT_PROJECT_VERSION = 1;
				GENERATE_INFOPLIST_FILE = YES;
				MARKETING_VERSION = 1.0;
				PRODUCT_BUNDLE_IDENTIFIER = test.IosCWUITests;
				PRODUCT_NAME = "$(TARGET_NAME)";
				SWIFT_EMIT_LOC_STRINGS = NO;
				SWIFT_VERSION = 5.0;
				TARGETED_DEVICE_FAMILY = "1,2";
				TEST_TARGET_NAME = IosCW;
			};
			name = Release;
		};
/* End XCBuildConfiguration section */

/* Begin XCConfigurationList section */
		484BA6732BAB37D700B0B358 /* Build configuration list for PBXProject "IosCW" */ = {
			isa = XCConfigurationList;
			buildConfigurations = (
				484BA69A2BAB37D800B0B358 /* Debug */,
				484BA69B2BAB37D800B0B358 /* Release */,
			);
			defaultConfigurationIsVisible = 0;
			defaultConfigurationName = Release;
		};
		484BA69C2BAB37D800B0B358 /* Build configuration list for PBXNativeTarget "IosCW" */ = {
			isa = XCConfigurationList;
			buildConfigurations = (
				484BA69D2BAB37D800B0B358 /* Debug */,
				484BA69E2BAB37D800B0B358 /* Release */,
			);
			defaultConfigurationIsVisible = 0;
			defaultConfigurationName = Release;
		};
		484BA69F2BAB37D800B0B358 /* Build configuration list for PBXNativeTarget "IosCWTests" */ = {
			isa = XCConfigurationList;
			buildConfigurations = (
				484BA6A02BAB37D800B0B358 /* Debug */,
				484BA6A12BAB37D800B0B358 /* Release */,
			);
			defaultConfigurationIsVisible = 0;
			defaultConfigurationName = Release;
		};
		484BA6A22BAB37D800B0B358 /* Build configuration list for PBXNativeTarget "IosCWUITests" */ = {
			isa = XCConfigurationList;
			buildConfigurations = (
				484BA6A32BAB37D800B0B358 /* Debug */,
				484BA6A42BAB37D800B0B358 /* Release */,
			);
			defaultConfigurationIsVisible = 0;
			defaultConfigurationName = Release;
		};
/* End XCConfigurationList section */
	};
	rootObject = 484BA6702BAB37D700B0B358 /* Project object */;
}
